
Microsoft Visual Studio Solution File, Format Version 12.00
# Visual Studio Version 16
VisualStudioVersion = 16.0.30406.217
MinimumVisualStudioVersion = 10.0.40219.1
Project("{2150E333-8FDC-42A3-9474-1A3956D46DE8}") = "src", "src", "{25B1A98A-14A2-4BD3-8E8E-9E9EE185A022}"
EndProject
Project("{FAE04EC0-301F-11D3-BF4B-00C04F79EFBC}") = "BunIp.Web", "src\BunIp.Web\BunIp.Web.csproj", "{5F9E555C-606D-4586-826C-F684C0822752}"
EndProject
Global
	GlobalSection(SolutionConfigurationPlatforms) = preSolution
		Debug|Any CPU = Debug|Any CPU
		Release|Any CPU = Release|Any CPU
	EndGlobalSection
	GlobalSection(ProjectConfigurationPlatforms) = postSolution
		{5F9E555C-606D-4586-826C-F684C0822752}.Debug|Any CPU.ActiveCfg = Debug|Any CPU
		{5F9E555C-606D-4586-826C-F684C0822752}.Debug|Any CPU.Build.0 = Debug|Any CPU
		{5F9E555C-606D-4586-826C-F684C0822752}.Release|Any CPU.ActiveCfg = Release|Any CPU
		{5F9E555C-606D-4586-826C-F684C0822752}.Release|Any CPU.Build.0 = Release|Any CPU
	EndGlobalSection
	GlobalSection(SolutionProperties) = preSolution
		HideSolutionNode = FALSE
	EndGlobalSection
	GlobalSection(NestedProjects) = preSolution
		{5F9E555C-606D-4586-826C-F684C0822752} = {25B1A98A-14A2-4BD3-8E8E-9E9EE185A022}
	EndGlobalSection
	GlobalSection(ExtensibilityGlobals) = postSolution
		SolutionGuid = {5C8785B7-520A-439F-9D79-5BDC9377E69E}
	EndGlobalSection
EndGlobal
