
Microsoft Visual Studio Solution File, Format Version 12.00
# Visual Studio Version 16
VisualStudioVersion = 16.0.30717.126
MinimumVisualStudioVersion = 10.0.40219.1
Project("{9A19103F-16F7-4668-BE54-9A1E7A4F7556}") = "IpTest", "IpTest.csproj", "{E7998333-0024-4853-B3EC-E43140EFC5B9}"
EndProject
Global
	GlobalSection(SolutionConfigurationPlatforms) = preSolution
		Debug|Any CPU = Debug|Any CPU
		Release|Any CPU = Release|Any CPU
	EndGlobalSection
	GlobalSection(ProjectConfigurationPlatforms) = postSolution
		{E7998333-0024-4853-B3EC-E43140EFC5B9}.Debug|Any CPU.ActiveCfg = Debug|Any CPU
		{E7998333-0024-4853-B3EC-E43140EFC5B9}.Debug|Any CPU.Build.0 = Debug|Any CPU
		{E7998333-0024-4853-B3EC-E43140EFC5B9}.Release|Any CPU.ActiveCfg = Release|Any CPU
		{E7998333-0024-4853-B3EC-E43140EFC5B9}.Release|Any CPU.Build.0 = Release|Any CPU
	EndGlobalSection
	GlobalSection(SolutionProperties) = preSolution
		HideSolutionNode = FALSE
	EndGlobalSection
	GlobalSection(ExtensibilityGlobals) = postSolution
		SolutionGuid = {77933739-C4E8-4FBB-94F6-890783DE4E36}
	EndGlobalSection
EndGlobal
